// !$*UTF8*$!
{
	archiveVersion = 1;
	classes = {
	};
	objectVersion = 77;
	objects = {

/* Begin PBXBuildFile section */
		41328DD990FB9CB594A04DFB /* Pods_FilterAppTests.framework in Frameworks */ = {isa = PBXBuildFile; fileRef = 7B38E62F3189B1398EC78F95 /* Pods_FilterAppTests.framework */; };
		6159436C593E6A9510D7AB58 /* Pods_FilterApp.framework in Frameworks */ = {isa = PBXBuildFile; fileRef = EEA7C72A4AF1A87907AA7E3D /* Pods_FilterApp.framework */; };
		89447E2F2CFB7C67001A709B /* SDWebImageSwiftUI in Frameworks */ = {isa = PBXBuildFile; productRef = 89447E2E2CFB7C67001A709B /* SDWebImageSwiftUI */; };
		C3198CB3570D05A7146FCBE9 /* Pods_FilterApp_FilterAppUITests.framework in Frameworks */ = {isa = PBXBuildFile; fileRef = 83DC7DA0D6B676637C90A198 /* Pods_FilterApp_FilterAppUITests.framework */; };
/* End PBXBuildFile section */

/* Begin PBXContainerItemProxy section */
		89447DAE2CFB3C7F001A709B /* PBXContainerItemProxy */ = {
			isa = PBXContainerItemProxy;
			containerPortal = 89447D942CFB3C7D001A709B /* Project object */;
			proxyType = 1;
			remoteGlobalIDString = 89447D9B2CFB3C7D001A709B;
			remoteInfo = FilterApp;
		};
		89447DB82CFB3C7F001A709B /* PBXContainerItemProxy */ = {
			isa = PBXContainerItemProxy;
			containerPortal = 89447D942CFB3C7D001A709B /* Project object */;
			proxyType = 1;
			remoteGlobalIDString = 89447D9B2CFB3C7D001A709B;
			remoteInfo = FilterApp;
		};
/* End PBXContainerItemProxy section */

/* Begin PBXFileReference section */
		40B1AAA7D04481342C7556EC /* Pods-FilterAppTests.release.xcconfig */ = {isa = PBXFileReference; includeInIndex = 1; lastKnownFileType = text.xcconfig; name = "Pods-FilterAppTests.release.xcconfig"; path = "Target Support Files/Pods-FilterAppTests/Pods-FilterAppTests.release.xcconfig"; sourceTree = "<group>"; };
		5066F0AFAD1139A4D2D8AA37 /* Pods-FilterApp.release.xcconfig */ = {isa = PBXFileReference; includeInIndex = 1; lastKnownFileType = text.xcconfig; name = "Pods-FilterApp.release.xcconfig"; path = "Target Support Files/Pods-FilterApp/Pods-FilterApp.release.xcconfig"; sourceTree = "<group>"; };
		50DEFB4160419A904F435988 /* Pods-FilterApp.debug.xcconfig */ = {isa = PBXFileReference; includeInIndex = 1; lastKnownFileType = text.xcconfig; name = "Pods-FilterApp.debug.xcconfig"; path = "Target Support Files/Pods-FilterApp/Pods-FilterApp.debug.xcconfig"; sourceTree = "<group>"; };
		638A72920484C92D35AF076B /* Pods-FilterAppTests.debug.xcconfig */ = {isa = PBXFileReference; includeInIndex = 1; lastKnownFileType = text.xcconfig; name = "Pods-FilterAppTests.debug.xcconfig"; path = "Target Support Files/Pods-FilterAppTests/Pods-FilterAppTests.debug.xcconfig"; sourceTree = "<group>"; };
		7B38E62F3189B1398EC78F95 /* Pods_FilterAppTests.framework */ = {isa = PBXFileReference; explicitFileType = wrapper.framework; includeInIndex = 0; path = Pods_FilterAppTests.framework; sourceTree = BUILT_PRODUCTS_DIR; };
		83DC7DA0D6B676637C90A198 /* Pods_FilterApp_FilterAppUITests.framework */ = {isa = PBXFileReference; explicitFileType = wrapper.framework; includeInIndex = 0; path = Pods_FilterApp_FilterAppUITests.framework; sourceTree = BUILT_PRODUCTS_DIR; };
		89447D9C2CFB3C7D001A709B /* FilterApp.app */ = {isa = PBXFileReference; explicitFileType = wrapper.application; includeInIndex = 0; path = FilterApp.app; sourceTree = BUILT_PRODUCTS_DIR; };
		89447DAD2CFB3C7F001A709B /* FilterAppTests.xctest */ = {isa = PBXFileReference; explicitFileType = wrapper.cfbundle; includeInIndex = 0; path = FilterAppTests.xctest; sourceTree = BUILT_PRODUCTS_DIR; };
		89447DB72CFB3C7F001A709B /* FilterAppUITests.xctest */ = {isa = PBXFileReference; explicitFileType = wrapper.cfbundle; includeInIndex = 0; path = FilterAppUITests.xctest; sourceTree = BUILT_PRODUCTS_DIR; };
		90A2183B2005A23ED4206E26 /* Pods-FilterApp-FilterAppUITests.debug.xcconfig */ = {isa = PBXFileReference; includeInIndex = 1; lastKnownFileType = text.xcconfig; name = "Pods-FilterApp-FilterAppUITests.debug.xcconfig"; path = "Target Support Files/Pods-FilterApp-FilterAppUITests/Pods-FilterApp-FilterAppUITests.debug.xcconfig"; sourceTree = "<group>"; };
		B4B020CDBB2C061BB0BF17DD /* Pods-FilterApp-FilterAppUITests.release.xcconfig */ = {isa = PBXFileReference; includeInIndex = 1; lastKnownFileType = text.xcconfig; name = "Pods-FilterApp-FilterAppUITests.release.xcconfig"; path = "Target Support Files/Pods-FilterApp-FilterAppUITests/Pods-FilterApp-FilterAppUITests.release.xcconfig"; sourceTree = "<group>"; };
		EEA7C72A4AF1A87907AA7E3D /* Pods_FilterApp.framework */ = {isa = PBXFileReference; explicitFileType = wrapper.framework; includeInIndex = 0; path = Pods_FilterApp.framework; sourceTree = BUILT_PRODUCTS_DIR; };
/* End PBXFileReference section */

/* Begin PBXFileSystemSynchronizedRootGroup section */
		89447D9E2CFB3C7D001A709B /* FilterApp */ = {
			isa = PBXFileSystemSynchronizedRootGroup;
			exceptions = (
			);
			path = FilterApp;
			sourceTree = "<group>";
		};
		89447DB02CFB3C7F001A709B /* FilterAppTests */ = {
			isa = PBXFileSystemSynchronizedRootGroup;
			exceptions = (
			);
			path = FilterAppTests;
			sourceTree = "<group>";
		};
		89447DBA2CFB3C7F001A709B /* FilterAppUITests */ = {
			isa = PBXFileSystemSynchronizedRootGroup;
			exceptions = (
			);
			path = FilterAppUITests;
			sourceTree = "<group>";
		};
/* End PBXFileSystemSynchronizedRootGroup section */

/* Begin PBXFrameworksBuildPhase section */
		89447D992CFB3C7D001A709B /* Frameworks */ = {
			isa = PBXFrameworksBuildPhase;
			buildActionMask = 2147483647;
			files = (
				89447E2F2CFB7C67001A709B /* SDWebImageSwiftUI in Frameworks */,
				6159436C593E6A9510D7AB58 /* Pods_FilterApp.framework in Frameworks */,
			);
			runOnlyForDeploymentPostprocessing = 0;
		};
		89447DAA2CFB3C7F001A709B /* Frameworks */ = {
			isa = PBXFrameworksBuildPhase;
			buildActionMask = 2147483647;
			files = (
				41328DD990FB9CB594A04DFB /* Pods_FilterAppTests.framework in Frameworks */,
			);
			runOnlyForDeploymentPostprocessing = 0;
		};
		89447DB42CFB3C7F001A709B /* Frameworks */ = {
			isa = PBXFrameworksBuildPhase;
			buildActionMask = 2147483647;
			files = (
				C3198CB3570D05A7146FCBE9 /* Pods_FilterApp_FilterAppUITests.framework in Frameworks */,
			);
			runOnlyForDeploymentPostprocessing = 0;
		};
/* End PBXFrameworksBuildPhase section */

/* Begin PBXGroup section */
		376943623346C2E7FBFEE7F5 /* Pods */ = {
			isa = PBXGroup;
			children = (
				50DEFB4160419A904F435988 /* Pods-FilterApp.debug.xcconfig */,
				5066F0AFAD1139A4D2D8AA37 /* Pods-FilterApp.release.xcconfig */,
				90A2183B2005A23ED4206E26 /* Pods-FilterApp-FilterAppUITests.debug.xcconfig */,
				B4B020CDBB2C061BB0BF17DD /* Pods-FilterApp-FilterAppUITests.release.xcconfig */,
				638A72920484C92D35AF076B /* Pods-FilterAppTests.debug.xcconfig */,
				40B1AAA7D04481342C7556EC /* Pods-FilterAppTests.release.xcconfig */,
			);
			name = Pods;
			path = Pods;
			sourceTree = "<group>";
		};
		89447D932CFB3C7D001A709B = {
			isa = PBXGroup;
			children = (
				89447D9E2CFB3C7D001A709B /* FilterApp */,
				89447DB02CFB3C7F001A709B /* FilterAppTests */,
				89447DBA2CFB3C7F001A709B /* FilterAppUITests */,
				89447D9D2CFB3C7D001A709B /* Products */,
				376943623346C2E7FBFEE7F5 /* Pods */,
				EC4D1C0C9850FE9566243E31 /* Frameworks */,
			);
			sourceTree = "<group>";
		};
		89447D9D2CFB3C7D001A709B /* Products */ = {
			isa = PBXGroup;
			children = (
				89447D9C2CFB3C7D001A709B /* FilterApp.app */,
				89447DAD2CFB3C7F001A709B /* FilterAppTests.xctest */,
				89447DB72CFB3C7F001A709B /* FilterAppUITests.xctest */,
			);
			name = Products;
			sourceTree = "<group>";
		};
		EC4D1C0C9850FE9566243E31 /* Frameworks */ = {
			isa = PBXGroup;
			children = (
				EEA7C72A4AF1A87907AA7E3D /* Pods_FilterApp.framework */,
				83DC7DA0D6B676637C90A198 /* Pods_FilterApp_FilterAppUITests.framework */,
				7B38E62F3189B1398EC78F95 /* Pods_FilterAppTests.framework */,
			);
			name = Frameworks;
			sourceTree = "<group>";
		};
/* End PBXGroup section */

/* Begin PBXNativeTarget section */
		89447D9B2CFB3C7D001A709B /* FilterApp */ = {
			isa = PBXNativeTarget;
			buildConfigurationList = 89447DC12CFB3C7F001A709B /* Build configuration list for PBXNativeTarget "FilterApp" */;
			buildPhases = (
				CFC1AD5756F1DAF0EE822891 /* [CP] Check Pods Manifest.lock */,
				89447D982CFB3C7D001A709B /* Sources */,
				89447D992CFB3C7D001A709B /* Frameworks */,
				89447D9A2CFB3C7D001A709B /* Resources */,
			);
			buildRules = (
			);
			dependencies = (
			);
			fileSystemSynchronizedGroups = (
				89447D9E2CFB3C7D001A709B /* FilterApp */,
			);
			name = FilterApp;
			packageProductDependencies = (
				89447E2E2CFB7C67001A709B /* SDWebImageSwiftUI */,
			);
			productName = FilterApp;
			productReference = 89447D9C2CFB3C7D001A709B /* FilterApp.app */;
			productType = "com.apple.product-type.application";
		};
		89447DAC2CFB3C7F001A709B /* FilterAppTests */ = {
			isa = PBXNativeTarget;
			buildConfigurationList = 89447DC42CFB3C7F001A709B /* Build configuration list for PBXNativeTarget "FilterAppTests" */;
			buildPhases = (
				34E7DD9C5F184111B412BF87 /* [CP] Check Pods Manifest.lock */,
				89447DA92CFB3C7F001A709B /* Sources */,
				89447DAA2CFB3C7F001A709B /* Frameworks */,
				89447DAB2CFB3C7F001A709B /* Resources */,
			);
			buildRules = (
			);
			dependencies = (
				89447DAF2CFB3C7F001A709B /* PBXTargetDependency */,
			);
			fileSystemSynchronizedGroups = (
				89447DB02CFB3C7F001A709B /* FilterAppTests */,
			);
			name = FilterAppTests;
			productName = FilterAppTests;
			productReference = 89447DAD2CFB3C7F001A709B /* FilterAppTests.xctest */;
			productType = "com.apple.product-type.bundle.unit-test";
		};
		89447DB62CFB3C7F001A709B /* FilterAppUITests */ = {
			isa = PBXNativeTarget;
			buildConfigurationList = 89447DC72CFB3C7F001A709B /* Build configuration list for PBXNativeTarget "FilterAppUITests" */;
			buildPhases = (
				F463F68012BE5C28CC280471 /* [CP] Check Pods Manifest.lock */,
				89447DB32CFB3C7F001A709B /* Sources */,
				89447DB42CFB3C7F001A709B /* Frameworks */,
				89447DB52CFB3C7F001A709B /* Resources */,
			);
			buildRules = (
			);
			dependencies = (
				89447DB92CFB3C7F001A709B /* PBXTargetDependency */,
			);
			fileSystemSynchronizedGroups = (
				89447DBA2CFB3C7F001A709B /* FilterAppUITests */,
			);
			name = FilterAppUITests;
			productName = FilterAppUITests;
			productReference = 89447DB72CFB3C7F001A709B /* FilterAppUITests.xctest */;
			productType = "com.apple.product-type.bundle.ui-testing";
		};
/* End PBXNativeTarget section */

/* Begin PBXProject section */
		89447D942CFB3C7D001A709B /* Project object */ = {
			isa = PBXProject;
			attributes = {
				BuildIndependentTargetsInParallel = 1;
				LastSwiftUpdateCheck = 1610;
				LastUpgradeCheck = 1610;
				TargetAttributes = {
					89447D9B2CFB3C7D001A709B = {
						CreatedOnToolsVersion = 16.1;
					};
					89447DAC2CFB3C7F001A709B = {
						CreatedOnToolsVersion = 16.1;
						TestTargetID = 89447D9B2CFB3C7D001A709B;
					};
					89447DB62CFB3C7F001A709B = {
						CreatedOnToolsVersion = 16.1;
						TestTargetID = 89447D9B2CFB3C7D001A709B;
					};
				};
			};
			buildConfigurationList = 89447D972CFB3C7D001A709B /* Build configuration list for PBXProject "FilterApp" */;
			developmentRegion = en;
			hasScannedForEncodings = 0;
			knownRegions = (
				en,
				Base,
			);
			mainGroup = 89447D932CFB3C7D001A709B;
			minimizedProjectReferenceProxies = 1;
			packageReferences = (
				89447E2D2CFB7C67001A709B /* XCRemoteSwiftPackageReference "SDWebImageSwiftUI" */,
			);
			preferredProjectObjectVersion = 77;
			productRefGroup = 89447D9D2CFB3C7D001A709B /* Products */;
			projectDirPath = "";
			projectRoot = "";
			targets = (
				89447D9B2CFB3C7D001A709B /* FilterApp */,
				89447DAC2CFB3C7F001A709B /* FilterAppTests */,
				89447DB62CFB3C7F001A709B /* FilterAppUITests */,
			);
		};
/* End PBXProject section */

/* Begin PBXResourcesBuildPhase section */
		89447D9A2CFB3C7D001A709B /* Resources */ = {
			isa = PBXResourcesBuildPhase;
			buildActionMask = 2147483647;
			files = (
			);
			runOnlyForDeploymentPostprocessing = 0;
		};
		89447DAB2CFB3C7F001A709B /* Resources */ = {
			isa = PBXResourcesBuildPhase;
			buildActionMask = 2147483647;
			files = (
			);
			runOnlyForDeploymentPostprocessing = 0;
		};
		89447DB52CFB3C7F001A709B /* Resources */ = {
			isa = PBXResourcesBuildPhase;
			buildActionMask = 2147483647;
			files = (
			);
			runOnlyForDeploymentPostprocessing = 0;
		};
/* End PBXResourcesBuildPhase section */

/* Begin PBXShellScriptBuildPhase section */
		34E7DD9C5F184111B412BF87 /* [CP] Check Pods Manifest.lock */ = {
			isa = PBXShellScriptBuildPhase;
			buildActionMask = 2147483647;
			files = (
			);
			inputFileListPaths = (
			);
			inputPaths = (
				"${PODS_PODFILE_DIR_PATH}/Podfile.lock",
				"${PODS_ROOT}/Manifest.lock",
			);
			name = "[CP] Check Pods Manifest.lock";
			outputFileListPaths = (
			);
			outputPaths = (
				"$(DERIVED_FILE_DIR)/Pods-FilterAppTests-checkManifestLockResult.txt",
			);
			runOnlyForDeploymentPostprocessing = 0;
			shellPath = /bin/sh;
			shellScript = "diff \"${PODS_PODFILE_DIR_PATH}/Podfile.lock\" \"${PODS_ROOT}/Manifest.lock\" > /dev/null\nif [ $? != 0 ] ; then\n    # print error to STDERR\n    echo \"error: The sandbox is not in sync with the Podfile.lock. Run 'pod install' or update your CocoaPods installation.\" >&2\n    exit 1\nfi\n# This output is used by Xcode 'outputs' to avoid re-running this script phase.\necho \"SUCCESS\" > \"${SCRIPT_OUTPUT_FILE_0}\"\n";
			showEnvVarsInLog = 0;
		};
		CFC1AD5756F1DAF0EE822891 /* [CP] Check Pods Manifest.lock */ = {
			isa = PBXShellScriptBuildPhase;
			buildActionMask = 2147483647;
			files = (
			);
			inputFileListPaths = (
			);
			inputPaths = (
				"${PODS_PODFILE_DIR_PATH}/Podfile.lock",
				"${PODS_ROOT}/Manifest.lock",
			);
			name = "[CP] Check Pods Manifest.lock";
			outputFileListPaths = (
			);
			outputPaths = (
				"$(DERIVED_FILE_DIR)/Pods-FilterApp-checkManifestLockResult.txt",
			);
			runOnlyForDeploymentPostprocessing = 0;
			shellPath = /bin/sh;
			shellScript = "diff \"${PODS_PODFILE_DIR_PATH}/Podfile.lock\" \"${PODS_ROOT}/Manifest.lock\" > /dev/null\nif [ $? != 0 ] ; then\n    # print error to STDERR\n    echo \"error: The sandbox is not in sync with the Podfile.lock. Run 'pod install' or update your CocoaPods installation.\" >&2\n    exit 1\nfi\n# This output is used by Xcode 'outputs' to avoid re-running this script phase.\necho \"SUCCESS\" > \"${SCRIPT_OUTPUT_FILE_0}\"\n";
			showEnvVarsInLog = 0;
		};
		F463F68012BE5C28CC280471 /* [CP] Check Pods Manifest.lock */ = {
			isa = PBXShellScriptBuildPhase;
			buildActionMask = 2147483647;
			files = (
			);
			inputFileListPaths = (
			);
			inputPaths = (
				"${PODS_PODFILE_DIR_PATH}/Podfile.lock",
				"${PODS_ROOT}/Manifest.lock",
			);
			name = "[CP] Check Pods Manifest.lock";
			outputFileListPaths = (
			);
			outputPaths = (
				"$(DERIVED_FILE_DIR)/Pods-FilterApp-FilterAppUITests-checkManifestLockResult.txt",
			);
			runOnlyForDeploymentPostprocessing = 0;
			shellPath = /bin/sh;
			shellScript = "diff \"${PODS_PODFILE_DIR_PATH}/Podfile.lock\" \"${PODS_ROOT}/Manifest.lock\" > /dev/null\nif [ $? != 0 ] ; then\n    # print error to STDERR\n    echo \"error: The sandbox is not in sync with the Podfile.lock. Run 'pod install' or update your CocoaPods installation.\" >&2\n    exit 1\nfi\n# This output is used by Xcode 'outputs' to avoid re-running this script phase.\necho \"SUCCESS\" > \"${SCRIPT_OUTPUT_FILE_0}\"\n";
			showEnvVarsInLog = 0;
		};
/* End PBXShellScriptBuildPhase section */

/* Begin PBXSourcesBuildPhase section */
		89447D982CFB3C7D001A709B /* Sources */ = {
			isa = PBXSourcesBuildPhase;
			buildActionMask = 2147483647;
			files = (
			);
			runOnlyForDeploymentPostprocessing = 0;
		};
		89447DA92CFB3C7F001A709B /* Sources */ = {
			isa = PBXSourcesBuildPhase;
			buildActionMask = 2147483647;
			files = (
			);
			runOnlyForDeploymentPostprocessing = 0;
		};
		89447DB32CFB3C7F001A709B /* Sources */ = {
			isa = PBXSourcesBuildPhase;
			buildActionMask = 2147483647;
			files = (
			);
			runOnlyForDeploymentPostprocessing = 0;
		};
/* End PBXSourcesBuildPhase section */

/* Begin PBXTargetDependency section */
		89447DAF2CFB3C7F001A709B /* PBXTargetDependency */ = {
			isa = PBXTargetDependency;
			target = 89447D9B2CFB3C7D001A709B /* FilterApp */;
			targetProxy = 89447DAE2CFB3C7F001A709B /* PBXContainerItemProxy */;
		};
		89447DB92CFB3C7F001A709B /* PBXTargetDependency */ = {
			isa = PBXTargetDependency;
			target = 89447D9B2CFB3C7D001A709B /* FilterApp */;
			targetProxy = 89447DB82CFB3C7F001A709B /* PBXContainerItemProxy */;
		};
/* End PBXTargetDependency section */

/* Begin XCBuildConfiguration section */
		89447DBF2CFB3C7F001A709B /* Debug */ = {
			isa = XCBuildConfiguration;
			buildSettings = {
				ALWAYS_SEARCH_USER_PATHS = NO;
				ASSETCATALOG_COMPILER_GENERATE_SWIFT_ASSET_SYMBOL_EXTENSIONS = YES;
				CLANG_ANALYZER_NONNULL = YES;
				CLANG_ANALYZER_NUMBER_OBJECT_CONVERSION = YES_AGGRESSIVE;
				CLANG_CXX_LANGUAGE_STANDARD = "gnu++20";
				CLANG_ENABLE_MODULES = YES;
				CLANG_ENABLE_OBJC_ARC = YES;
				CLANG_ENABLE_OBJC_WEAK = YES;
				CLANG_WARN_BLOCK_CAPTURE_AUTORELEASING = YES;
				CLANG_WARN_BOOL_CONVERSION = YES;
				CLANG_WARN_COMMA = YES;
				CLANG_WARN_CONSTANT_CONVERSION = YES;
				CLANG_WARN_DEPRECATED_OBJC_IMPLEMENTATIONS = YES;
				CLANG_WARN_DIRECT_OBJC_ISA_USAGE = YES_ERROR;
				CLANG_WARN_DOCUMENTATION_COMMENTS = YES;
				CLANG_WARN_EMPTY_BODY = YES;
				CLANG_WARN_ENUM_CONVERSION = YES;
				CLANG_WARN_INFINITE_RECURSION = YES;
				CLANG_WARN_INT_CONVERSION = YES;
				CLANG_WARN_NON_LITERAL_NULL_CONVERSION = YES;
				CLANG_WARN_OBJC_IMPLICIT_RETAIN_SELF = YES;
				CLANG_WARN_OBJC_LITERAL_CONVERSION = YES;
				CLANG_WARN_OBJC_ROOT_CLASS = YES_ERROR;
				CLANG_WARN_QUOTED_INCLUDE_IN_FRAMEWORK_HEADER = YES;
				CLANG_WARN_RANGE_LOOP_ANALYSIS = YES;
				CLANG_WARN_STRICT_PROTOTYPES = YES;
				CLANG_WARN_SUSPICIOUS_MOVE = YES;
				CLANG_WARN_UNGUARDED_AVAILABILITY = YES_AGGRESSIVE;
				CLANG_WARN_UNREACHABLE_CODE = YES;
				CLANG_WARN__DUPLICATE_METHOD_MATCH = YES;
				COPY_PHASE_STRIP = NO;
				DEBUG_INFORMATION_FORMAT = dwarf;
				ENABLE_STRICT_OBJC_MSGSEND = YES;
				ENABLE_TESTABILITY = YES;
				ENABLE_USER_SCRIPT_SANDBOXING = YES;
				GCC_C_LANGUAGE_STANDARD = gnu17;
				GCC_DYNAMIC_NO_PIC = NO;
				GCC_NO_COMMON_BLOCKS = YES;
				GCC_OPTIMIZATION_LEVEL = 0;
				GCC_PREPROCESSOR_DEFINITIONS = (
					"DEBUG=1",
					"$(inherited)",
				);
				GCC_WARN_64_TO_32_BIT_CONVERSION = YES;
				GCC_WARN_ABOUT_RETURN_TYPE = YES_ERROR;
				GCC_WARN_UNDECLARED_SELECTOR = YES;
				GCC_WARN_UNINITIALIZED_AUTOS = YES_AGGRESSIVE;
				GCC_WARN_UNUSED_FUNCTION = YES;
				GCC_WARN_UNUSED_VARIABLE = YES;
				LOCALIZATION_PREFERS_STRING_CATALOGS = YES;
				MTL_ENABLE_DEBUG_INFO = INCLUDE_SOURCE;
				MTL_FAST_MATH = YES;
				ONLY_ACTIVE_ARCH = YES;
				SWIFT_ACTIVE_COMPILATION_CONDITIONS = "DEBUG $(inherited)";
				SWIFT_OPTIMIZATION_LEVEL = "-Onone";
			};
			name = Debug;
		};
		89447DC02CFB3C7F001A709B /* Release */ = {
			isa = XCBuildConfiguration;
			buildSettings = {
				ALWAYS_SEARCH_USER_PATHS = NO;
				ASSETCATALOG_COMPILER_GENERATE_SWIFT_ASSET_SYMBOL_EXTENSIONS = YES;
				CLANG_ANALYZER_NONNULL = YES;
				CLANG_ANALYZER_NUMBER_OBJECT_CONVERSION = YES_AGGRESSIVE;
				CLANG_CXX_LANGUAGE_STANDARD = "gnu++20";
				CLANG_ENABLE_MODULES = YES;
				CLANG_ENABLE_OBJC_ARC = YES;
				CLANG_ENABLE_OBJC_WEAK = YES;
				CLANG_WARN_BLOCK_CAPTURE_AUTORELEASING = YES;
				CLANG_WARN_BOOL_CONVERSION = YES;
				CLANG_WARN_COMMA = YES;
				CLANG_WARN_CONSTANT_CONVERSION = YES;
				CLANG_WARN_DEPRECATED_OBJC_IMPLEMENTATIONS = YES;
				CLANG_WARN_DIRECT_OBJC_ISA_USAGE = YES_ERROR;
				CLANG_WARN_DOCUMENTATION_COMMENTS = YES;
				CLANG_WARN_EMPTY_BODY = YES;
				CLANG_WARN_ENUM_CONVERSION = YES;
				CLANG_WARN_INFINITE_RECURSION = YES;
				CLANG_WARN_INT_CONVERSION = YES;
				CLANG_WARN_NON_LITERAL_NULL_CONVERSION = YES;
				CLANG_WARN_OBJC_IMPLICIT_RETAIN_SELF = YES;
				CLANG_WARN_OBJC_LITERAL_CONVERSION = YES;
				CLANG_WARN_OBJC_ROOT_CLASS = YES_ERROR;
				CLANG_WARN_QUOTED_INCLUDE_IN_FRAMEWORK_HEADER = YES;
				CLANG_WARN_RANGE_LOOP_ANALYSIS = YES;
				CLANG_WARN_STRICT_PROTOTYPES = YES;
				CLANG_WARN_SUSPICIOUS_MOVE = YES;
				CLANG_WARN_UNGUARDED_AVAILABILITY = YES_AGGRESSIVE;
				CLANG_WARN_UNREACHABLE_CODE = YES;
				CLANG_WARN__DUPLICATE_METHOD_MATCH = YES;
				COPY_PHASE_STRIP = NO;
				DEBUG_INFORMATION_FORMAT = "dwarf-with-dsym";
				ENABLE_NS_ASSERTIONS = NO;
				ENABLE_STRICT_OBJC_MSGSEND = YES;
				ENABLE_USER_SCRIPT_SANDBOXING = YES;
				GCC_C_LANGUAGE_STANDARD = gnu17;
				GCC_NO_COMMON_BLOCKS = YES;
				GCC_WARN_64_TO_32_BIT_CONVERSION = YES;
				GCC_WARN_ABOUT_RETURN_TYPE = YES_ERROR;
				GCC_WARN_UNDECLARED_SELECTOR = YES;
				GCC_WARN_UNINITIALIZED_AUTOS = YES_AGGRESSIVE;
				GCC_WARN_UNUSED_FUNCTION = YES;
				GCC_WARN_UNUSED_VARIABLE = YES;
				LOCALIZATION_PREFERS_STRING_CATALOGS = YES;
				MTL_ENABLE_DEBUG_INFO = NO;
				MTL_FAST_MATH = YES;
				SWIFT_COMPILATION_MODE = wholemodule;
			};
			name = Release;
		};
		89447DC22CFB3C7F001A709B /* Debug */ = {
			isa = XCBuildConfiguration;
			baseConfigurationReference = 50DEFB4160419A904F435988 /* Pods-FilterApp.debug.xcconfig */;
			buildSettings = {
				ASSETCATALOG_COMPILER_APPICON_NAME = AppIcon;
				ASSETCATALOG_COMPILER_GLOBAL_ACCENT_COLOR_NAME = AccentColor;
				CODE_SIGN_ENTITLEMENTS = FilterApp/FilterApp.entitlements;
				CODE_SIGN_STYLE = Automatic;
				CURRENT_PROJECT_VERSION = 1;
				DEVELOPMENT_ASSET_PATHS = "\"FilterApp/Preview Content\"";
				ENABLE_PREVIEWS = YES;
				GENERATE_INFOPLIST_FILE = YES;
				"INFOPLIST_KEY_UIApplicationSceneManifest_Generation[sdk=iphoneos*]" = YES;
				"INFOPLIST_KEY_UIApplicationSceneManifest_Generation[sdk=iphonesimulator*]" = YES;
				"INFOPLIST_KEY_UIApplicationSupportsIndirectInputEvents[sdk=iphoneos*]" = YES;
				"INFOPLIST_KEY_UIApplicationSupportsIndirectInputEvents[sdk=iphonesimulator*]" = YES;
				"INFOPLIST_KEY_UILaunchScreen_Generation[sdk=iphoneos*]" = YES;
				"INFOPLIST_KEY_UILaunchScreen_Generation[sdk=iphonesimulator*]" = YES;
				"INFOPLIST_KEY_UIStatusBarStyle[sdk=iphoneos*]" = UIStatusBarStyleDefault;
				"INFOPLIST_KEY_UIStatusBarStyle[sdk=iphonesimulator*]" = UIStatusBarStyleDefault;
				INFOPLIST_KEY_UISupportedInterfaceOrientations_iPad = "UIInterfaceOrientationPortrait UIInterfaceOrientationPortraitUpsideDown UIInterfaceOrientationLandscapeLeft UIInterfaceOrientationLandscapeRight";
				INFOPLIST_KEY_UISupportedInterfaceOrientations_iPhone = "UIInterfaceOrientationPortrait UIInterfaceOrientationLandscapeLeft UIInterfaceOrientationLandscapeRight";
				IPHONEOS_DEPLOYMENT_TARGET = 18.1;
				LD_RUNPATH_SEARCH_PATHS = "@executable_path/Frameworks";
				"LD_RUNPATH_SEARCH_PATHS[sdk=macosx*]" = "@executable_path/../Frameworks";
				MACOSX_DEPLOYMENT_TARGET = 15.1;
				MARKETING_VERSION = 1.0;
				PRODUCT_BUNDLE_IDENTIFIER = com.angad14723.FilterApp;
				PRODUCT_NAME = "$(TARGET_NAME)";
				SDKROOT = auto;
				SUPPORTED_PLATFORMS = "iphoneos iphonesimulator macosx xros xrsimulator";
				SWIFT_EMIT_LOC_STRINGS = YES;
				SWIFT_VERSION = 5.0;
				TARGETED_DEVICE_FAMILY = "1,2,7";
				XROS_DEPLOYMENT_TARGET = 2.1;
			};
			name = Debug;
		};
		89447DC32CFB3C7F001A709B /* Release */ = {
			isa = XCBuildConfiguration;
			baseConfigurationReference = 5066F0AFAD1139A4D2D8AA37 /* Pods-FilterApp.release.xcconfig */;
			buildSettings = {
				ASSETCATALOG_COMPILER_APPICON_NAME = AppIcon;
				ASSETCATALOG_COMPILER_GLOBAL_ACCENT_COLOR_NAME = AccentColor;
				CODE_SIGN_ENTITLEMENTS = FilterApp/FilterApp.entitlements;
				CODE_SIGN_STYLE = Automatic;
				CURRENT_PROJECT_VERSION = 1;
				DEVELOPMENT_ASSET_PATHS = "\"FilterApp/Preview Content\"";
				ENABLE_PREVIEWS = YES;
				GENERATE_INFOPLIST_FILE = YES;
				"INFOPLIST_KEY_UIApplicationSceneManifest_Generation[sdk=iphoneos*]" = YES;
				"INFOPLIST_KEY_UIApplicationSceneManifest_Generation[sdk=iphonesimulator*]" = YES;
				"INFOPLIST_KEY_UIApplicationSupportsIndirectInputEvents[sdk=iphoneos*]" = YES;
				"INFOPLIST_KEY_UIApplicationSupportsIndirectInputEvents[sdk=iphonesimulator*]" = YES;
				"INFOPLIST_KEY_UILaunchScreen_Generation[sdk=iphoneos*]" = YES;
				"INFOPLIST_KEY_UILaunchScreen_Generation[sdk=iphonesimulator*]" = YES;
				"INFOPLIST_KEY_UIStatusBarStyle[sdk=iphoneos*]" = UIStatusBarStyleDefault;
				"INFOPLIST_KEY_UIStatusBarStyle[sdk=iphonesimulator*]" = UIStatusBarStyleDefault;
				INFOPLIST_KEY_UISupportedInterfaceOrientations_iPad = "UIInterfaceOrientationPortrait UIInterfaceOrientationPortraitUpsideDown UIInterfaceOrientationLandscapeLeft UIInterfaceOrientationLandscapeRight";
				INFOPLIST_KEY_UISupportedInterfaceOrientations_iPhone = "UIInterfaceOrientationPortrait UIInterfaceOrientationLandscapeLeft UIInterfaceOrientationLandscapeRight";
				IPHONEOS_DEPLOYMENT_TARGET = 18.1;
				LD_RUNPATH_SEARCH_PATHS = "@executable_path/Frameworks";
				"LD_RUNPATH_SEARCH_PATHS[sdk=macosx*]" = "@executable_path/../Frameworks";
				MACOSX_DEPLOYMENT_TARGET = 15.1;
				MARKETING_VERSION = 1.0;
				PRODUCT_BUNDLE_IDENTIFIER = com.angad14723.FilterApp;
				PRODUCT_NAME = "$(TARGET_NAME)";
				SDKROOT = auto;
				SUPPORTED_PLATFORMS = "iphoneos iphonesimulator macosx xros xrsimulator";
				SWIFT_EMIT_LOC_STRINGS = YES;
				SWIFT_VERSION = 5.0;
				TARGETED_DEVICE_FAMILY = "1,2,7";
				XROS_DEPLOYMENT_TARGET = 2.1;
			};
			name = Release;
		};
		89447DC52CFB3C7F001A709B /* Debug */ = {
			isa = XCBuildConfiguration;
			baseConfigurationReference = 638A72920484C92D35AF076B /* Pods-FilterAppTests.debug.xcconfig */;
			buildSettings = {
				BUNDLE_LOADER = "$(TEST_HOST)";
				CODE_SIGN_STYLE = Automatic;
				CURRENT_PROJECT_VERSION = 1;
				GENERATE_INFOPLIST_FILE = YES;
				IPHONEOS_DEPLOYMENT_TARGET = 18.1;
				MACOSX_DEPLOYMENT_TARGET = 15.1;
				MARKETING_VERSION = 1.0;
				PRODUCT_BUNDLE_IDENTIFIER = com.angad14723.FilterAppTests;
				PRODUCT_NAME = "$(TARGET_NAME)";
				SDKROOT = auto;
				SUPPORTED_PLATFORMS = "iphoneos iphonesimulator macosx xros xrsimulator";
				SWIFT_EMIT_LOC_STRINGS = NO;
				SWIFT_VERSION = 5.0;
				TARGETED_DEVICE_FAMILY = "1,2,7";
				TEST_HOST = "$(BUILT_PRODUCTS_DIR)/FilterApp.app/$(BUNDLE_EXECUTABLE_FOLDER_PATH)/FilterApp";
				XROS_DEPLOYMENT_TARGET = 2.1;
			};
			name = Debug;
		};
		89447DC62CFB3C7F001A709B /* Release */ = {
			isa = XCBuildConfiguration;
			baseConfigurationReference = 40B1AAA7D04481342C7556EC /* Pods-FilterAppTests.release.xcconfig */;
			buildSettings = {
				BUNDLE_LOADER = "$(TEST_HOST)";
				CODE_SIGN_STYLE = Automatic;
				CURRENT_PROJECT_VERSION = 1;
				GENERATE_INFOPLIST_FILE = YES;
				IPHONEOS_DEPLOYMENT_TARGET = 18.1;
				MACOSX_DEPLOYMENT_TARGET = 15.1;
				MARKETING_VERSION = 1.0;
				PRODUCT_BUNDLE_IDENTIFIER = com.angad14723.FilterAppTests;
				PRODUCT_NAME = "$(TARGET_NAME)";
				SDKROOT = auto;
				SUPPORTED_PLATFORMS = "iphoneos iphonesimulator macosx xros xrsimulator";
				SWIFT_EMIT_LOC_STRINGS = NO;
				SWIFT_VERSION = 5.0;
				TARGETED_DEVICE_FAMILY = "1,2,7";
				TEST_HOST = "$(BUILT_PRODUCTS_DIR)/FilterApp.app/$(BUNDLE_EXECUTABLE_FOLDER_PATH)/FilterApp";
				XROS_DEPLOYMENT_TARGET = 2.1;
			};
			name = Release;
		};
		89447DC82CFB3C7F001A709B /* Debug */ = {
			isa = XCBuildConfiguration;
			baseConfigurationReference = 90A2183B2005A23ED4206E26 /* Pods-FilterApp-FilterAppUITests.debug.xcconfig */;
			buildSettings = {
				CODE_SIGN_STYLE = Automatic;
				CURRENT_PROJECT_VERSION = 1;
				GENERATE_INFOPLIST_FILE = YES;
				IPHONEOS_DEPLOYMENT_TARGET = 18.1;
				MACOSX_DEPLOYMENT_TARGET = 15.1;
				MARKETING_VERSION = 1.0;
				PRODUCT_BUNDLE_IDENTIFIER = com.angad14723.FilterAppUITests;
				PRODUCT_NAME = "$(TARGET_NAME)";
				SDKROOT = auto;
				SUPPORTED_PLATFORMS = "iphoneos iphonesimulator macosx xros xrsimulator";
				SWIFT_EMIT_LOC_STRINGS = NO;
				SWIFT_VERSION = 5.0;
				TARGETED_DEVICE_FAMILY = "1,2,7";
				TEST_TARGET_NAME = FilterApp;
				XROS_DEPLOYMENT_TARGET = 2.1;
			};
			name = Debug;
		};
		89447DC92CFB3C7F001A709B /* Release */ = {
			isa = XCBuildConfiguration;
			baseConfigurationReference = B4B020CDBB2C061BB0BF17DD /* Pods-FilterApp-FilterAppUITests.release.xcconfig */;
			buildSettings = {
				CODE_SIGN_STYLE = Automatic;
				CURRENT_PROJECT_VERSION = 1;
				GENERATE_INFOPLIST_FILE = YES;
				IPHONEOS_DEPLOYMENT_TARGET = 18.1;
				MACOSX_DEPLOYMENT_TARGET = 15.1;
				MARKETING_VERSION = 1.0;
				PRODUCT_BUNDLE_IDENTIFIER = com.angad14723.FilterAppUITests;
				PRODUCT_NAME = "$(TARGET_NAME)";
				SDKROOT = auto;
				SUPPORTED_PLATFORMS = "iphoneos iphonesimulator macosx xros xrsimulator";
				SWIFT_EMIT_LOC_STRINGS = NO;
				SWIFT_VERSION = 5.0;
				TARGETED_DEVICE_FAMILY = "1,2,7";
				TEST_TARGET_NAME = FilterApp;
				XROS_DEPLOYMENT_TARGET = 2.1;
			};
			name = Release;
		};
/* End XCBuildConfiguration section */

/* Begin XCConfigurationList section */
		89447D972CFB3C7D001A709B /* Build configuration list for PBXProject "FilterApp" */ = {
			isa = XCConfigurationList;
			buildConfigurations = (
				89447DBF2CFB3C7F001A709B /* Debug */,
				89447DC02CFB3C7F001A709B /* Release */,
			);
			defaultConfigurationIsVisible = 0;
			defaultConfigurationName = Release;
		};
		89447DC12CFB3C7F001A709B /* Build configuration list for PBXNativeTarget "FilterApp" */ = {
			isa = XCConfigurationList;
			buildConfigurations = (
				89447DC22CFB3C7F001A709B /* Debug */,
				89447DC32CFB3C7F001A709B /* Release */,
			);
			defaultConfigurationIsVisible = 0;
			defaultConfigurationName = Release;
		};
		89447DC42CFB3C7F001A709B /* Build configuration list for PBXNativeTarget "FilterAppTests" */ = {
			isa = XCConfigurationList;
			buildConfigurations = (
				89447DC52CFB3C7F001A709B /* Debug */,
				89447DC62CFB3C7F001A709B /* Release */,
			);
			defaultConfigurationIsVisible = 0;
			defaultConfigurationName = Release;
		};
		89447DC72CFB3C7F001A709B /* Build configuration list for PBXNativeTarget "FilterAppUITests" */ = {
			isa = XCConfigurationList;
			buildConfigurations = (
				89447DC82CFB3C7F001A709B /* Debug */,
				89447DC92CFB3C7F001A709B /* Release */,
			);
			defaultConfigurationIsVisible = 0;
			defaultConfigurationName = Release;
		};
/* End XCConfigurationList section */

/* Begin XCRemoteSwiftPackageReference section */
		89447E2D2CFB7C67001A709B /* XCRemoteSwiftPackageReference "SDWebImageSwiftUI" */ = {
			isa = XCRemoteSwiftPackageReference;
			repositoryURL = "https://github.com/SDWebImage/SDWebImageSwiftUI.git";
			requirement = {
				kind = upToNextMajorVersion;
				minimumVersion = 3.1.3;
			};
		};
/* End XCRemoteSwiftPackageReference section */

/* Begin XCSwiftPackageProductDependency section */
		89447E2E2CFB7C67001A709B /* SDWebImageSwiftUI */ = {
			isa = XCSwiftPackageProductDependency;
			package = 89447E2D2CFB7C67001A709B /* XCRemoteSwiftPackageReference "SDWebImageSwiftUI" */;
			productName = SDWebImageSwiftUI;
		};
/* End XCSwiftPackageProductDependency section */
	};
	rootObject = 89447D942CFB3C7D001A709B /* Project object */;
}
